
Microsoft Visual Studio Solution File, Format Version 12.00
# Visual Studio 2013
VisualStudioVersion = 12.0.21005.1
MinimumVisualStudioVersion = 10.0.40219.1
Project("{FAE04EC0-301F-11D3-BF4B-00C04F79EFBC}") = "ReferralMS", "ReferralMS\ReferralMS.csproj", "{1A0CF976-FB0E-407A-A900-E7C6A397C584}"
EndProject
Project("{FAE04EC0-301F-11D3-BF4B-00C04F79EFBC}") = "TestHarness", "..\TestHarness\TestHarness.csproj", "{3C837F3D-6529-43AE-B155-F90145F9FC1F}"
EndProject
Project("{E24C65DC-7377-472B-9ABA-BC803B73C61A}") = "ReferWeb", "http://localhost:57376", "{43586E54-C866-44C4-90FA-69A96336FFE6}"
	ProjectSection(WebsiteProperties) = preProject
		UseIISExpress = "true"
		TargetFrameworkMoniker = ".NETFramework,Version%3Dv4.5"
		ProjectReferences = "{1a0cf976-fb0e-407a-a900-e7c6a397c584}|ReferralMS.dll;"
		Debug.AspNetCompiler.VirtualPath = "/localhost_57376"
		Debug.AspNetCompiler.PhysicalPath = "..\ReferWeb\"
		Debug.AspNetCompiler.TargetPath = "PrecompiledWeb\localhost_57376\"
		Debug.AspNetCompiler.Updateable = "true"
		Debug.AspNetCompiler.ForceOverwrite = "true"
		Debug.AspNetCompiler.FixedNames = "false"
		Debug.AspNetCompiler.Debug = "True"
		Release.AspNetCompiler.VirtualPath = "/localhost_57376"
		Release.AspNetCompiler.PhysicalPath = "..\ReferWeb\"
		Release.AspNetCompiler.TargetPath = "PrecompiledWeb\localhost_57376\"
		Release.AspNetCompiler.Updateable = "true"
		Release.AspNetCompiler.ForceOverwrite = "true"
		Release.AspNetCompiler.FixedNames = "false"
		Release.AspNetCompiler.Debug = "False"
		SlnRelativePath = "..\ReferWeb\"
		DefaultWebSiteLanguage = "Visual C#"
	EndProjectSection
EndProject
Global
	GlobalSection(SolutionConfigurationPlatforms) = preSolution
		Debug|Any CPU = Debug|Any CPU
		Release|Any CPU = Release|Any CPU
	EndGlobalSection
	GlobalSection(ProjectConfigurationPlatforms) = postSolution
		{1A0CF976-FB0E-407A-A900-E7C6A397C584}.Debug|Any CPU.ActiveCfg = Debug|Any CPU
		{1A0CF976-FB0E-407A-A900-E7C6A397C584}.Debug|Any CPU.Build.0 = Debug|Any CPU
		{1A0CF976-FB0E-407A-A900-E7C6A397C584}.Release|Any CPU.ActiveCfg = Release|Any CPU
		{1A0CF976-FB0E-407A-A900-E7C6A397C584}.Release|Any CPU.Build.0 = Release|Any CPU
		{3C837F3D-6529-43AE-B155-F90145F9FC1F}.Debug|Any CPU.ActiveCfg = Debug|Any CPU
		{3C837F3D-6529-43AE-B155-F90145F9FC1F}.Debug|Any CPU.Build.0 = Debug|Any CPU
		{3C837F3D-6529-43AE-B155-F90145F9FC1F}.Release|Any CPU.ActiveCfg = Release|Any CPU
		{3C837F3D-6529-43AE-B155-F90145F9FC1F}.Release|Any CPU.Build.0 = Release|Any CPU
		{43586E54-C866-44C4-90FA-69A96336FFE6}.Debug|Any CPU.ActiveCfg = Debug|Any CPU
		{43586E54-C866-44C4-90FA-69A96336FFE6}.Debug|Any CPU.Build.0 = Debug|Any CPU
		{43586E54-C866-44C4-90FA-69A96336FFE6}.Release|Any CPU.ActiveCfg = Debug|Any CPU
		{43586E54-C866-44C4-90FA-69A96336FFE6}.Release|Any CPU.Build.0 = Debug|Any CPU
	EndGlobalSection
	GlobalSection(SolutionProperties) = preSolution
		HideSolutionNode = FALSE
	EndGlobalSection
EndGlobal
